
Microsoft Visual Studio Solution File, Format Version 12.00
# Visual Studio Version 16
VisualStudioVersion = 16.0.32228.343
MinimumVisualStudioVersion = 10.0.40219.1
Project("{FAE04EC0-301F-11D3-BF4B-00C04F79EFBC}") = "Server", "Server\Server.csproj", "{316FDCB3-97FD-4FF2-924E-6D59B9F3C02A}"
EndProject
Project("{FAE04EC0-301F-11D3-BF4B-00C04F79EFBC}") = "Orders", "Orders\Orders.csproj", "{837BBDF3-D649-4054-977F-928DEE19D02D}"
EndProject
Global
	GlobalSection(SolutionConfigurationPlatforms) = preSolution
		Debug|Any CPU = Debug|Any CPU
		Release|Any CPU = Release|Any CPU
	EndGlobalSection
	GlobalSection(ProjectConfigurationPlatforms) = postSolution
		{316FDCB3-97FD-4FF2-924E-6D59B9F3C02A}.Debug|Any CPU.ActiveCfg = Debug|Any CPU
		{316FDCB3-97FD-4FF2-924E-6D59B9F3C02A}.Debug|Any CPU.Build.0 = Debug|Any CPU
		{316FDCB3-97FD-4FF2-924E-6D59B9F3C02A}.Release|Any CPU.ActiveCfg = Release|Any CPU
		{316FDCB3-97FD-4FF2-924E-6D59B9F3C02A}.Release|Any CPU.Build.0 = Release|Any CPU
		{837BBDF3-D649-4054-977F-928DEE19D02D}.Debug|Any CPU.ActiveCfg = Debug|Any CPU
		{837BBDF3-D649-4054-977F-928DEE19D02D}.Debug|Any CPU.Build.0 = Debug|Any CPU
		{837BBDF3-D649-4054-977F-928DEE19D02D}.Release|Any CPU.ActiveCfg = Release|Any CPU
		{837BBDF3-D649-4054-977F-928DEE19D02D}.Release|Any CPU.Build.0 = Release|Any CPU
	EndGlobalSection
	GlobalSection(SolutionProperties) = preSolution
		HideSolutionNode = FALSE
	EndGlobalSection
	GlobalSection(ExtensibilityGlobals) = postSolution
		SolutionGuid = {EFCA431C-9EEA-4FA6-8254-67CA01CF63BC}
	EndGlobalSection
EndGlobal
